version = 1
requires-python = ">=3.10"

[[package]]
name = "attrs"
version = "24.3.0"
source = { registry = "https://pypi.org/simple" }
sdist = { url = "https://files.pythonhosted.org/packages/48/c8/6260f8ccc11f0917360fc0da435c5c9c7504e3db174d5a12a1494887b045/attrs-24.3.0.tar.gz", hash = "sha256:8f5c07333d543103541ba7be0e2ce16eeee8130cb0b3f9238ab904ce1e85baff", size = 805984 }
wheels = [
    { url = "https://files.pythonhosted.org/packages/89/aa/ab0f7891a01eeb2d2e338ae8fecbe57fcebea1a24dbb64d45801bfab481d/attrs-24.3.0-py3-none-any.whl", hash = "sha256:ac96cd038792094f438ad1f6ff80837353805ac950cd2aa0e0625ef19850c308", size = 63397 },
]

[[package]]
name = "bidict"
version = "0.23.1"
source = { registry = "https://pypi.org/simple" }
sdist = { url = "https://files.pythonhosted.org/packages/9a/6e/026678aa5a830e07cd9498a05d3e7e650a4f56a42f267a53d22bcda1bdc9/bidict-0.23.1.tar.gz", hash = "sha256:03069d763bc387bbd20e7d49914e75fc4132a41937fa3405417e1a5a2d006d71", size = 29093 }
wheels = [
    { url = "https://files.pythonhosted.org/packages/99/37/e8730c3587a65eb5645d4aba2d27aae48e8003614d6aaf15dda67f702f1f/bidict-0.23.1-py3-none-any.whl", hash = "sha256:5dae8d4d79b552a71cbabc7deb25dfe8ce710b17ff41711e13010ead2abfc3e5", size = 32764 },
]

[[package]]
name = "bitarray"
version = "2.9.3"
source = { registry = "https://pypi.org/simple" }
sdist = { url = "https://files.pythonhosted.org/packages/0d/c7/a85f206e6b2fddb93964efe53685ad8da7d856e6975b005ed6a88f25b010/bitarray-2.9.3.tar.gz", hash = "sha256:9eff55cf189b0c37ba97156a00d640eb7392db58a8049be6f26ff2712b93fa89", size = 132724 }
wheels = [
    { url = "https://files.pythonhosted.org/packages/17/07/9dcb88a614aa0c5315f43a7f39c34278f9b0bf63221deee4d63f1ff8b50b/bitarray-2.9.3-cp310-cp310-macosx_10_9_universal2.whl", hash = "sha256:2cf5f5400636c7dda797fd681795ce63932458620fe8c40955890380acba9f62", size = 177909 },
    { url = "https://files.pythonhosted.org/packages/72/61/254f6cefff6b91df84c4f47d6f36c267e54579b613e283278cdc40f251d5/bitarray-2.9.3-cp310-cp310-macosx_10_9_x86_64.whl", hash = "sha256:3487b4718ffa5942fab777835ee36085f8dda7ec4bd0b28433efb117f84852b6", size = 127939 },
    { url = "https://files.pythonhosted.org/packages/15/45/1de17f43866a90e0e852a8292a6859612f33a39c37d97212e0b857d7f880/bitarray-2.9.3-cp310-cp310-macosx_11_0_arm64.whl", hash = "sha256:10f44b1e4994035408bea54d7bf0aec79744cad709706bedf28091a48bb7f1a4", size = 125912 },
    { url = "https://files.pythonhosted.org/packages/17/a9/983e3f9f5722528867cd4100fbe856413a579f854d292837efa749069b7b/bitarray-2.9.3-cp310-cp310-manylinux_2_17_aarch64.manylinux2014_aarch64.whl", hash = "sha256:cb5c16f97c65add6535748a9c98c70e7ca79759c38a2eb990127fef72f76111a", size = 288375 },
    { url = "https://files.pythonhosted.org/packages/26/94/b4b6a56fb77f972f989c4b7b49c5f37e913f42f49d87bb396cc92dfe7b33/bitarray-2.9.3-cp310-cp310-manylinux_2_17_ppc64le.manylinux2014_ppc64le.whl", hash = "sha256:13dbfc42971ba84e9c4ba070f720df6570285a3f89187f07ef422efcb611c19f", size = 303131 },
    { url = "https://files.pythonhosted.org/packages/6f/47/f6fecbd6ec5fb393d66f1aabe6182a98b4fda13c3302b842fbee39525b78/bitarray-2.9.3-cp310-cp310-manylinux_2_17_s390x.manylinux2014_s390x.whl", hash = "sha256:1c28076acfbe7f9a5494d7ae98094a6e209c390c340938845f294818ebf5e4d3", size = 305680 },
    { url = "https://files.pythonhosted.org/packages/6c/18/1cc0e4f9546769bce0d8f7890fd5cbb4913711485b8ed48459ef5bb2e545/bitarray-2.9.3-cp310-cp310-manylinux_2_17_x86_64.manylinux2014_x86_64.whl", hash = "sha256:4b7cdd21835936d9a66477836ca23b2cb63295142cb9d9158883e2c0f1f8f6bd", size = 288426 },
    { url = "https://files.pythonhosted.org/packages/08/68/ecdfe12f598a7257e3a86b1c880b4e10f218338ec15578919e790c76667f/bitarray-2.9.3-cp310-cp310-manylinux_2_5_i686.manylinux1_i686.manylinux_2_17_i686.manylinux2014_i686.whl", hash = "sha256:9f60887ab3a46e507fa6f8544d8d4b0748da48718591dfe3fe80c62bdea60f10", size = 278882 },
    { url = "https://files.pythonhosted.org/packages/ef/09/daa4c53b26fa327f17f109e3288028b7f67a1276581ceba35fe986e9bd35/bitarray-2.9.3-cp310-cp310-musllinux_1_2_aarch64.whl", hash = "sha256:f75e1abd4a37cba3002521d3f5e2b50ef4f4a74342207cad3f52468411d5d8ba", size = 282699 },
    { url = "https://files.pythonhosted.org/packages/ce/ed/d4d10df6d1521b079a026b5602560bc03234a83fe40d78819edf1e7c66b0/bitarray-2.9.3-cp310-cp310-musllinux_1_2_i686.whl", hash = "sha256:dc63da9695383c048b83f5ab77eab35a55bbb2e77c7b6e762eba219929b45b84", size = 274271 },
    { url = "https://files.pythonhosted.org/packages/b3/b0/99e8c8985522c63f19290fc3c76d21171185a31e7c2016138805868819fa/bitarray-2.9.3-cp310-cp310-musllinux_1_2_ppc64le.whl", hash = "sha256:6fe5a57b859d9bc9c2fd27c78c4b7b83158faf984202de6fb44618caeebfff10", size = 298284 },
    { url = "https://files.pythonhosted.org/packages/f4/e2/d080fbdfa94b78aca5b7f52bb998446eb7d91b10bc455930bc6f64435c8d/bitarray-2.9.3-cp310-cp310-musllinux_1_2_s390x.whl", hash = "sha256:1fe5a37bd9441a5ecc2f6e71b43df7176fa376a542ef97484310b8b46a45649a", size = 309667 },
    { url = "https://files.pythonhosted.org/packages/de/1c/e5f20e71abd346a0a0ddd0a95e83f153f13d1c4136093d8f1502107eee50/bitarray-2.9.3-cp310-cp310-musllinux_1_2_x86_64.whl", hash = "sha256:8a16e42c169ca818d6a15b5dd5acd5d2a26af0fa0588e1036e0e58d01f8387d4", size = 281250 },
    { url = "https://files.pythonhosted.org/packages/b4/6f/58dddf69cbc5a237b4d1dd0c5e9fd54b542e98c2603192ce6ce86a211e7e/bitarray-2.9.3-cp310-cp310-win32.whl", hash = "sha256:5e6b5e7940af3474ffaa930cd1ce8215181cbe864d6b5ddb67a15d3c15e935cd", size = 118585 },
    { url = "https://files.pythonhosted.org/packages/4b/86/7d7b4051a43c86ddab34c7ad5ea0cda8de14f0d14a87e809b87fcbb792df/bitarray-2.9.3-cp310-cp310-win_amd64.whl", hash = "sha256:c63dbb99ef2ab1281871678624f9c9a5f1682b826e668ce559275ec488b3fa8b", size = 125923 },
    { url = "https://files.pythonhosted.org/packages/59/51/91c03b5cc3aee7e479b7635933bf3f4622d712afa0b3aeb344161d6ff2fa/bitarray-2.9.3-cp311-cp311-macosx_10_9_universal2.whl", hash = "sha256:49fb93b488d180f5c84b79fe687c585a84bf0295ff035d63e09ee24ce1da0558", size = 178166 },
    { url = "https://files.pythonhosted.org/packages/3e/1c/1580f646c11305dc16f7523d92bbf015fa9ef52a3bf88df2958d14abbdcf/bitarray-2.9.3-cp311-cp311-macosx_10_9_x86_64.whl", hash = "sha256:c2944fb83bbc2aa7f29a713bc4f8c1318e54fa0d06a72bedd350a3fb4a4b91d8", size = 128082 },
    { url = "https://files.pythonhosted.org/packages/cb/13/20417f7a861beb9f7184dbfef2ed130223e164429af12422a6001db15524/bitarray-2.9.3-cp311-cp311-macosx_11_0_arm64.whl", hash = "sha256:3612d9d3788dc62f1922c917b1539f1cdf02cecc9faef8ae213a8b36093136ca", size = 126027 },
    { url = "https://files.pythonhosted.org/packages/55/b0/c9040a91cb241a90f79f9c52213299aa1a7d6cd2d0733033c34919fa0726/bitarray-2.9.3-cp311-cp311-manylinux_2_17_aarch64.manylinux2014_aarch64.whl", hash = "sha256:90a9300cdb7c99b1e692bb790cba8acecee1a345a83e58e28c94a0d87c522237", size = 296378 },
    { url = "https://files.pythonhosted.org/packages/95/78/c05fd0bc6fc36ea5b779f2f0741e30e982b3c15c6ad41558b44bb3c74ffc/bitarray-2.9.3-cp311-cp311-manylinux_2_17_ppc64le.manylinux2014_ppc64le.whl", hash = "sha256:1211ed66acbbb221fd7554abf4206a384d79e6192d5cb95325c5c361bbb52a74", size = 311208 },
    { url = "https://files.pythonhosted.org/packages/f6/aa/048412fdee7950943858722fcf2faa5bd80288ee3fa591507f926efd6a6f/bitarray-2.9.3-cp311-cp311-manylinux_2_17_s390x.manylinux2014_s390x.whl", hash = "sha256:67757279386accf93eba76b8f97b5acf1664a3e350cbea5f300f53490f8764fd", size = 314280 },
    { url = "https://files.pythonhosted.org/packages/dd/88/719525303963e4e42cd71087a6754963a9acbf44c70cae9aacb34ba98069/bitarray-2.9.3-cp311-cp311-manylinux_2_17_x86_64.manylinux2014_x86_64.whl", hash = "sha256:64e19c6a99c32f460c2613f797f77aa37d8e298891d00ea5355158cce80e11ec", size = 296546 },
    { url = "https://files.pythonhosted.org/packages/fa/eb/f105e25b5b1cc72d9777b19783d9013456d45a95d9d8f39bbc715a6f4114/bitarray-2.9.3-cp311-cp311-manylinux_2_5_i686.manylinux1_i686.manylinux_2_17_i686.manylinux2014_i686.whl", hash = "sha256:72734bd3775f43c5a75385730abb9f84fee6c627eb14f579de4be478f1615c8c", size = 287408 },
    { url = "https://files.pythonhosted.org/packages/5e/2f/d5a878e7fad84e6a3733e5866e434cb94da5c244f4b5d8b0ad8b1e2e42f2/bitarray-2.9.3-cp311-cp311-musllinux_1_2_aarch64.whl", hash = "sha256:a92703471b5d3316c7481bc1852f620f42f7a1b62be27f39d13694827635786f", size = 290875 },
    { url = "https://files.pythonhosted.org/packages/ac/a9/a9a453a4d818df59681df0e7b4a3a9d5dfe2cea233a14575bcfe631304b8/bitarray-2.9.3-cp311-cp311-musllinux_1_2_i686.whl", hash = "sha256:d5d77c81300ca430d4b195ccfbb629d6858258f541b6e96c6b11ec1563cd2681", size = 282534 },
    { url = "https://files.pythonhosted.org/packages/63/5d/ab480ee7a527047dba90dbf98b74fa35f38a037196c1fd391420ebf735c7/bitarray-2.9.3-cp311-cp311-musllinux_1_2_ppc64le.whl", hash = "sha256:3ba8a29c0d091c952ced1607ce715f5e0524899f24333a493807d00f5938463d", size = 306205 },
    { url = "https://files.pythonhosted.org/packages/18/33/524cea460372e5ab1d53136787ffbcd4384fe11194f49c2d8bfe8990ada8/bitarray-2.9.3-cp311-cp311-musllinux_1_2_s390x.whl", hash = "sha256:418171d035b191dbe5e86cd2bfb5c3e1ae7d947edc22857a897d1c7251674ae5", size = 318303 },
    { url = "https://files.pythonhosted.org/packages/64/c1/cf4d8ab2f27fb7fa33f685625827d8d3b659d0c663feb470a44b8aa79974/bitarray-2.9.3-cp311-cp311-musllinux_1_2_x86_64.whl", hash = "sha256:1e0bd272eba256183be2a17488f9cb096d2e6d3435ecf2e28c1e0857c6d20749", size = 289054 },
    { url = "https://files.pythonhosted.org/packages/f4/fc/510e4c5ca168bd1a78132e6239fe3f6a466ef6b64e1a71298d64ae8478de/bitarray-2.9.3-cp311-cp311-win32.whl", hash = "sha256:cc3fd2b0637a619cf13e122bbcf4729ae214d5f25623675597e67c25f9edfe61", size = 118598 },
    { url = "https://files.pythonhosted.org/packages/80/c8/1b0369f3a87f02e54f88184a1d8f02d84a324215381299ce985c2d970c65/bitarray-2.9.3-cp311-cp311-win_amd64.whl", hash = "sha256:e1fc2a81a585dbe5e367682156e6350d908a56e2ffd6ca651b0af01994db596f", size = 125934 },
    { url = "https://files.pythonhosted.org/packages/fd/4d/00848351d0ad9b5dcdcf8efcaeae8e6eb1ed7bbef63067281c091e5ba635/bitarray-2.9.3-cp312-cp312-macosx_10_13_universal2.whl", hash = "sha256:dc47be026f76f1728af00dc7140cec8483fe2f0c476bbf2a59ef47865e00ff96", size = 177860 },
    { url = "https://files.pythonhosted.org/packages/b6/68/bbf3d6e5b30def505bb3ab97f8793624667949c337f4058178770a3e2522/bitarray-2.9.3-cp312-cp312-macosx_10_13_x86_64.whl", hash = "sha256:82b091742ff511cdb06f90af0d2c22e7af3dbff9b8212e2e0d88dfef6a8570b3", size = 127932 },
    { url = "https://files.pythonhosted.org/packages/c2/15/d90792b7298541f99d9dbf1df92b78269012a19d9214dde2ff7fddaea201/bitarray-2.9.3-cp312-cp312-macosx_11_0_arm64.whl", hash = "sha256:2d5edb4302a0e3a3d1d0eeb891de3c615d4cb7a446fb41c21eecdcfb29400a6f", size = 125863 },
    { url = "https://files.pythonhosted.org/packages/71/61/da6fc35417f82db5015315fce35e30b67734a090cf2dee5b9a143930a638/bitarray-2.9.3-cp312-cp312-manylinux_2_17_aarch64.manylinux2014_aarch64.whl", hash = "sha256:fb4786c5525069c19820549dd2f42d33632bc42959ad167138bd8ee5024b922b", size = 297980 },
    { url = "https://files.pythonhosted.org/packages/0c/0c/17a887ecf664972ea6b2c2529e05f867e136ad88b14d2c62df93bca199f5/bitarray-2.9.3-cp312-cp312-manylinux_2_17_ppc64le.manylinux2014_ppc64le.whl", hash = "sha256:9bfe2de2b4df61ccb9244871a0fdf1fff83be0c1bd7187048c3cf7f81c5fe631", size = 311959 },
    { url = "https://files.pythonhosted.org/packages/06/39/6a7d0d1d8aece919b33da04c61e4752571ff6fef392d2adea53aa1e01fc3/bitarray-2.9.3-cp312-cp312-manylinux_2_17_s390x.manylinux2014_s390x.whl", hash = "sha256:31e4f69538f95d2934587d957eea0d283162322dd1af29e57122b20b8cd60f92", size = 315861 },
    { url = "https://files.pythonhosted.org/packages/02/9f/55ff793e2dc23c446e7bb2516d833ccc2416c5dc4aa0cecbf3d8d6adfa39/bitarray-2.9.3-cp312-cp312-manylinux_2_17_x86_64.manylinux2014_x86_64.whl", hash = "sha256:8ca44908b2bc08d8995770018638d62626706864f9c599b7818225a12f3dbc2c", size = 298715 },
    { url = "https://files.pythonhosted.org/packages/d2/e1/e1aa0ca6d6dbe0a2a97d287e717fc640d7d9948d83d1eeb6ad24fe8e978b/bitarray-2.9.3-cp312-cp312-manylinux_2_5_i686.manylinux1_i686.manylinux_2_17_i686.manylinux2014_i686.whl", hash = "sha256:279f8de5d251ee521e365df29c927d9b5732f1ed4f373d2dbbd278fcbad94ff5", size = 289206 },
    { url = "https://files.pythonhosted.org/packages/f1/76/c57e4d4eca18291125f7619918d32bc626d58361c625771e30b08c5c15cd/bitarray-2.9.3-cp312-cp312-musllinux_1_2_aarch64.whl", hash = "sha256:c49bb631b38431c09ecd534d56ef04264397d24d18c4ee6653c84e14ae09d92d", size = 292131 },
    { url = "https://files.pythonhosted.org/packages/13/2b/efb5d63052c397415f2502b905a262c8850a1e9f7c9262141fd47cbc76da/bitarray-2.9.3-cp312-cp312-musllinux_1_2_i686.whl", hash = "sha256:192bffc93ee9a5b6c833c98d1dcc81f5633ddd726b85e18341387d0c1d51f691", size = 284634 },
    { url = "https://files.pythonhosted.org/packages/f3/c0/1493e5e9e93e251f24382f113efe181ba055b579c2c211d0f1c73e1b062d/bitarray-2.9.3-cp312-cp312-musllinux_1_2_ppc64le.whl", hash = "sha256:c516cec28c6511df51d87033f40ec420324a2247469b0c989d344f4d27ea37d2", size = 307289 },
    { url = "https://files.pythonhosted.org/packages/1f/e6/61a25b402fa48b1bc771c545677787f2bd7b55d8b930f46ebe2462e8e466/bitarray-2.9.3-cp312-cp312-musllinux_1_2_s390x.whl", hash = "sha256:66241cb9a1c1db294f46cd440141e57e8242874e38f3f61877f72d92ae14768a", size = 320414 },
    { url = "https://files.pythonhosted.org/packages/7f/c6/a838d147dce87e545988e06d01fb2b3da5d1d8e6e5d839150cc64e793dba/bitarray-2.9.3-cp312-cp312-musllinux_1_2_x86_64.whl", hash = "sha256:ab1f0e7631110c89bea7b605c0c35832333eb9cc97e5de05d71c76d42a1858c9", size = 291664 },
    { url = "https://files.pythonhosted.org/packages/00/5c/481d564ecdf638758e71e587d001762e9ab8fdce12a1b741d14c00a5b9f2/bitarray-2.9.3-cp312-cp312-win32.whl", hash = "sha256:42aa5bee6fe8ad3385eaf5c6585016bbc38a7b75efb52ce5c6f8e00e05237dfa", size = 118715 },
    { url = "https://files.pythonhosted.org/packages/4d/42/1d3dffa5f680cf8de3712f661f6b2566205c9d7ac0776cb134b678f3abd3/bitarray-2.9.3-cp312-cp312-win_amd64.whl", hash = "sha256:dc3fd647d845b94fac3652390866f921f914a17f3807a031c826f68dae3f43e3", size = 126125 },
    { url = "https://files.pythonhosted.org/packages/4c/1e/9f6c2efc108959d88e6a0e7ad575fd18073cf1d9e723cf029bb2fa96a58c/bitarray-2.9.3-cp313-cp313-macosx_10_13_universal2.whl", hash = "sha256:fcfcc1989e3e021a282624017b7fb754210f5332e933b1c3ebc79643727b6551", size = 177843 },
    { url = "https://files.pythonhosted.org/packages/ce/40/816d22035e98e4bdcb3b7dcfd4d9c0fe36e4c3af481ad2efd5b526676a3c/bitarray-2.9.3-cp313-cp313-macosx_10_13_x86_64.whl", hash = "sha256:71b1e229a706798a9e106ca7b03d4c63455deb40b18c92950ec073a05a8f8285", size = 127931 },
    { url = "https://files.pythonhosted.org/packages/ad/e5/f33509aedac5c76f97420c62f7df6df837eaaf4be34027a40275f1b68cdf/bitarray-2.9.3-cp313-cp313-macosx_11_0_arm64.whl", hash = "sha256:4bb49556d3d505d24c942a4206ad4d0d40e89fa3016a7ea6edc994d5c08d4a8e", size = 125848 },
    { url = "https://files.pythonhosted.org/packages/6d/e7/f08ef676011357f63e99314bc691bf8b164ef8a60da0a730fc66448e798e/bitarray-2.9.3-cp313-cp313-manylinux_2_17_aarch64.manylinux2014_aarch64.whl", hash = "sha256:b4466aa1e533a59d5f7fd37219d154ec3f2ba73fce3d8a2e11080ec475bc15fb", size = 297881 },
    { url = "https://files.pythonhosted.org/packages/46/54/ffd6a59504774cc9324cedf0bfe54f612b049cf7718c0142d510605f4635/bitarray-2.9.3-cp313-cp313-manylinux_2_17_ppc64le.manylinux2014_ppc64le.whl", hash = "sha256:a9b75adc0fd0bf278bea89dc3d679d74e10d2df98d3d074b7f3d36f323138818", size = 311819 },
    { url = "https://files.pythonhosted.org/packages/63/dd/16ea5110eaa2b941f670564bff021229b99121ea235276c368b37386a5c0/bitarray-2.9.3-cp313-cp313-manylinux_2_17_s390x.manylinux2014_s390x.whl", hash = "sha256:701582bbbeac372b1cd8a3c9daf6c2336dc2d22e14373a6271d788bc4f2b6edc", size = 315937 },
    { url = "https://files.pythonhosted.org/packages/56/f8/7a8690306935b2cd4741e7c1d99d36b21bb3a319f7981e48ca1e2d18000c/bitarray-2.9.3-cp313-cp313-manylinux_2_17_x86_64.manylinux2014_x86_64.whl", hash = "sha256:9ea1f119668bbdbd68008031491515e84441e505163918819994b28f295f762c", size = 298593 },
    { url = "https://files.pythonhosted.org/packages/51/2f/fdc1e6ada45b3154f1fb3b678b1ef3328cb4fa140c2310afd4decd2e03d9/bitarray-2.9.3-cp313-cp313-manylinux_2_5_i686.manylinux1_i686.manylinux_2_17_i686.manylinux2014_i686.whl", hash = "sha256:9f400bc18a70bfdb073532c3054ecd78a0e64f96ff7b6140adde5b122580ec2b", size = 289192 },
    { url = "https://files.pythonhosted.org/packages/b1/4a/728c6a561a7d5f7b27749ead3305f18411f368773ecf3a9689a23315a0e6/bitarray-2.9.3-cp313-cp313-musllinux_1_2_aarch64.whl", hash = "sha256:aacff5656fb3e15cede7d02903da2634d376aa928d7a81ec8df19b0724d7972a", size = 292124 },
    { url = "https://files.pythonhosted.org/packages/2b/e5/6ce6969a16e6637881aa238b99b18f516f8f1d91c2bb16bc49431897e160/bitarray-2.9.3-cp313-cp313-musllinux_1_2_i686.whl", hash = "sha256:8a2ae42a14cbf766d4478d7101da6359b0648dd813e60eb3486ac56ad2f5add3", size = 284697 },
    { url = "https://files.pythonhosted.org/packages/bd/4a/54093d281e3f5a4264c2fc264a55b39a41b4d18a4c8f5216eeb1411c320f/bitarray-2.9.3-cp313-cp313-musllinux_1_2_ppc64le.whl", hash = "sha256:616698edb547d10f0b960cb9f2e8629c55a420dd4c2b1ab46706f49a1815621d", size = 307361 },
    { url = "https://files.pythonhosted.org/packages/8a/85/051ec466663a1517fbd98fc4e6ed96bb70a9cb06b99a8f868d98b0322244/bitarray-2.9.3-cp313-cp313-musllinux_1_2_s390x.whl", hash = "sha256:f277c50ba184929dfeed39b6cf9468e3446093521b0aeb52bd54a21ca08f5473", size = 320501 },
    { url = "https://files.pythonhosted.org/packages/e6/6e/50f16db80ef267eacd20e8a77a7efbfe1a81d64bf3ee59655328c8a7ab6d/bitarray-2.9.3-cp313-cp313-musllinux_1_2_x86_64.whl", hash = "sha256:661237739b385c90d8837d5e96b06de093cc6e610236977e198f88f5a979686e", size = 291703 },
    { url = "https://files.pythonhosted.org/packages/87/0f/df8b9facb4f5d4f86244ae03d56975850d0a28a14c854e87649e3941f29b/bitarray-2.9.3-cp313-cp313-win32.whl", hash = "sha256:68acec6c19d798051f178a1197b76f891985f683f95a4b12811b68e58b080f5a", size = 118699 },
    { url = "https://files.pythonhosted.org/packages/d3/7a/c2f534d51d8566c966e1fdb33b3370d6b972336cc9aa3aadf0cd5c8a026f/bitarray-2.9.3-cp313-cp313-win_amd64.whl", hash = "sha256:3055720afdcfd7e8f630fa16db7bed7e55c9d0a1f4756195e3b250e203f3b436", size = 126123 },
    { url = "https://files.pythonhosted.org/packages/f5/b2/ba78272dc0455085052c51c149adeefeb610461afe72522bfb8a0e554cfc/bitarray-2.9.3-pp310-pypy310_pp73-macosx_10_15_x86_64.whl", hash = "sha256:ae36787299cff41f212aee33cfe1defee13979a41552665a412b6ca3fa8f7eb8", size = 124457 },
    { url = "https://files.pythonhosted.org/packages/fc/da/4be8376d20397c3ad996e77060414c87ac69acccaf63a125fb28b0b0937d/bitarray-2.9.3-pp310-pypy310_pp73-manylinux_2_17_aarch64.manylinux2014_aarch64.whl", hash = "sha256:42afe48abb8eeb386d93e7f1165ace1dd027f136a8a31edd2b20bc57a0c071d7", size = 128561 },
    { url = "https://files.pythonhosted.org/packages/17/4f/2656f67cb9cc1c40299d709c812895c8a0233ee73b24e7cf84cf75cf4837/bitarray-2.9.3-pp310-pypy310_pp73-manylinux_2_17_x86_64.manylinux2014_x86_64.whl", hash = "sha256:451ceecdb86bb95ae101b0d65c8c4524d692ae3666662fef8c89877ce17748c5", size = 129197 },
    { url = "https://files.pythonhosted.org/packages/2f/a8/d849b52434eca298796bf00acddc3ec1eff16c202cab089a1cdafea0c236/bitarray-2.9.3-pp310-pypy310_pp73-manylinux_2_5_i686.manylinux1_i686.manylinux_2_17_i686.manylinux2014_i686.whl", hash = "sha256:f4d67d3e3de2aede737b12cd75a84963700c941b77b579c14bd05517e05d7a9f", size = 131100 },
    { url = "https://files.pythonhosted.org/packages/f0/60/ae1d2a90ee822dc256fb38402ef2e884c72c06723483584ed730c275b2bc/bitarray-2.9.3-pp310-pypy310_pp73-win_amd64.whl", hash = "sha256:2406d13ded84049b4238815a5821e44d6f58ba00fbb6b705b6ef8ccd88be8f03", size = 126451 },
]

[[package]]
name = "dfa"
version = "4.7.1"
source = { registry = "https://pypi.org/simple" }
dependencies = [
    { name = "attrs" },
    { name = "bidict" },
    { name = "bitarray" },
    { name = "funcy" },
]
sdist = { url = "https://files.pythonhosted.org/packages/91/f1/10fc7dab8e3f97ecf5dec345f61e13d74c2289587cd8da8efb460048727a/dfa-4.7.1.tar.gz", hash = "sha256:6ed1b33bad4adb6e4cc646dcde61fb2c8c7caeef15e69b978b48369db34f96e2", size = 13031 }
wheels = [
    { url = "https://files.pythonhosted.org/packages/58/28/50282eb0a5fe324cdb81977817dc5c5d2ed167f9bb14f2f3cd80bebb0851/dfa-4.7.1-py3-none-any.whl", hash = "sha256:74950e54a477040d94ad06ae35cb9644a1fdceed99d65843923fb649d6a1784a", size = 11311 },
]

[[package]]
name = "dfa-gym"
version = "0.1.0"
source = { editable = "." }
dependencies = [
    { name = "dfax" },
]

[package.metadata]
requires-dist = [{ name = "dfax", virtual = "../dfax" }]

[[package]]
name = "dfax"
version = "0.1.0"
source = { virtual = "../dfax" }
dependencies = [
    { name = "dfa" },
]

[package.metadata]
requires-dist = [{ name = "dfa", specifier = ">=4.7.1" }]

[[package]]
name = "funcy"
version = "2.0"
source = { registry = "https://pypi.org/simple" }
sdist = { url = "https://files.pythonhosted.org/packages/70/b8/c6081521ff70afdff55cd9512b2220bbf4fa88804dae51d1b57b4b58ef32/funcy-2.0.tar.gz", hash = "sha256:3963315d59d41c6f30c04bc910e10ab50a3ac4a225868bfa96feed133df075cb", size = 537931 }
wheels = [
    { url = "https://files.pythonhosted.org/packages/d5/08/c2409cb01d5368dcfedcbaffa7d044cc8957d57a9d0855244a5eb4709d30/funcy-2.0-py2.py3-none-any.whl", hash = "sha256:53df23c8bb1651b12f095df764bfb057935d49537a56de211b098f4c79614bb0", size = 30891 },
]
